
Microsoft Visual Studio Solution File, Format Version 12.00
# Visual Studio Version 17
VisualStudioVersion = 17.13.35818.85
MinimumVisualStudioVersion = 10.0.40219.1
Project("{FAE04EC0-301F-11D3-BF4B-00C04F79EFBC}") = "Lesson1 Типы данных", "Lesson1\Lesson1 Типы данных.csproj", "{40136207-82DF-4E1D-B6D0-1DD4694A09DD}"
EndProject
Project("{FAE04EC0-301F-11D3-BF4B-00C04F79EFBC}") = "Lesson2 Объявление и инициализация переменныз", "Lesson2\Lesson2 Объявление и инициализация переменныз.csproj", "{36CF435C-5E98-40D4-8F95-D4833683F990}"
EndProject
Project("{FAE04EC0-301F-11D3-BF4B-00C04F79EFBC}") = "Lesson 3 Ввод данных в консоль", "Lesson 3\Lesson 3 Ввод данных в консоль.csproj", "{75D50533-248C-4288-B7B3-4E89879B5AEA}"
EndProject
Project("{FAE04EC0-301F-11D3-BF4B-00C04F79EFBC}") = "Lesson4", "Lesson4\Lesson4.csproj", "{BE0124B7-F74D-4E2C-A86E-D8DBBB0F4443}"
EndProject
Project("{FAE04EC0-301F-11D3-BF4B-00C04F79EFBC}") = "Lesson5 Конвертация", "Lesson5\Lesson5 Конвертация.csproj", "{EC03873E-A935-44D4-9082-88620B4C7F07}"
EndProject
Project("{FAE04EC0-301F-11D3-BF4B-00C04F79EFBC}") = "Lesson6 Конвертация(иной способ)", "Lesson6\Lesson6 Конвертация(иной способ).csproj", "{8719D366-AC5F-46CD-AE32-9104A519094F}"
EndProject
Project("{FAE04EC0-301F-11D3-BF4B-00C04F79EFBC}") = "HomeWork Lesson7", "HomeWork Lesson7\HomeWork Lesson7.csproj", "{EA3ABB8F-4C05-4E46-BC3F-112B3BDA0E11}"
EndProject
Project("{FAE04EC0-301F-11D3-BF4B-00C04F79EFBC}") = "HomeWork2 Lesson7", "HomeWork2 Lesson7\HomeWork2 Lesson7.csproj", "{252E9DB1-ABCD-4047-834C-90CDF04B1311}"
EndProject
Project("{FAE04EC0-301F-11D3-BF4B-00C04F79EFBC}") = "HomeWork3 Lesson 7", "HomeWork3 Lesson 7\HomeWork3 Lesson 7.csproj", "{D0702B90-ED66-4499-8525-D598595B93DE}"
EndProject
Global
	GlobalSection(SolutionConfigurationPlatforms) = preSolution
		Debug|Any CPU = Debug|Any CPU
		Release|Any CPU = Release|Any CPU
	EndGlobalSection
	GlobalSection(ProjectConfigurationPlatforms) = postSolution
		{40136207-82DF-4E1D-B6D0-1DD4694A09DD}.Debug|Any CPU.ActiveCfg = Debug|Any CPU
		{40136207-82DF-4E1D-B6D0-1DD4694A09DD}.Debug|Any CPU.Build.0 = Debug|Any CPU
		{40136207-82DF-4E1D-B6D0-1DD4694A09DD}.Release|Any CPU.ActiveCfg = Release|Any CPU
		{40136207-82DF-4E1D-B6D0-1DD4694A09DD}.Release|Any CPU.Build.0 = Release|Any CPU
		{36CF435C-5E98-40D4-8F95-D4833683F990}.Debug|Any CPU.ActiveCfg = Debug|Any CPU
		{36CF435C-5E98-40D4-8F95-D4833683F990}.Debug|Any CPU.Build.0 = Debug|Any CPU
		{36CF435C-5E98-40D4-8F95-D4833683F990}.Release|Any CPU.ActiveCfg = Release|Any CPU
		{36CF435C-5E98-40D4-8F95-D4833683F990}.Release|Any CPU.Build.0 = Release|Any CPU
		{75D50533-248C-4288-B7B3-4E89879B5AEA}.Debug|Any CPU.ActiveCfg = Debug|Any CPU
		{75D50533-248C-4288-B7B3-4E89879B5AEA}.Debug|Any CPU.Build.0 = Debug|Any CPU
		{75D50533-248C-4288-B7B3-4E89879B5AEA}.Release|Any CPU.ActiveCfg = Release|Any CPU
		{75D50533-248C-4288-B7B3-4E89879B5AEA}.Release|Any CPU.Build.0 = Release|Any CPU
		{BE0124B7-F74D-4E2C-A86E-D8DBBB0F4443}.Debug|Any CPU.ActiveCfg = Debug|Any CPU
		{BE0124B7-F74D-4E2C-A86E-D8DBBB0F4443}.Debug|Any CPU.Build.0 = Debug|Any CPU
		{BE0124B7-F74D-4E2C-A86E-D8DBBB0F4443}.Release|Any CPU.ActiveCfg = Release|Any CPU
		{BE0124B7-F74D-4E2C-A86E-D8DBBB0F4443}.Release|Any CPU.Build.0 = Release|Any CPU
		{EC03873E-A935-44D4-9082-88620B4C7F07}.Debug|Any CPU.ActiveCfg = Debug|Any CPU
		{EC03873E-A935-44D4-9082-88620B4C7F07}.Debug|Any CPU.Build.0 = Debug|Any CPU
		{EC03873E-A935-44D4-9082-88620B4C7F07}.Release|Any CPU.ActiveCfg = Release|Any CPU
		{EC03873E-A935-44D4-9082-88620B4C7F07}.Release|Any CPU.Build.0 = Release|Any CPU
		{8719D366-AC5F-46CD-AE32-9104A519094F}.Debug|Any CPU.ActiveCfg = Debug|Any CPU
		{8719D366-AC5F-46CD-AE32-9104A519094F}.Debug|Any CPU.Build.0 = Debug|Any CPU
		{8719D366-AC5F-46CD-AE32-9104A519094F}.Release|Any CPU.ActiveCfg = Release|Any CPU
		{8719D366-AC5F-46CD-AE32-9104A519094F}.Release|Any CPU.Build.0 = Release|Any CPU
		{EA3ABB8F-4C05-4E46-BC3F-112B3BDA0E11}.Debug|Any CPU.ActiveCfg = Debug|Any CPU
		{EA3ABB8F-4C05-4E46-BC3F-112B3BDA0E11}.Debug|Any CPU.Build.0 = Debug|Any CPU
		{EA3ABB8F-4C05-4E46-BC3F-112B3BDA0E11}.Release|Any CPU.ActiveCfg = Release|Any CPU
		{EA3ABB8F-4C05-4E46-BC3F-112B3BDA0E11}.Release|Any CPU.Build.0 = Release|Any CPU
		{252E9DB1-ABCD-4047-834C-90CDF04B1311}.Debug|Any CPU.ActiveCfg = Debug|Any CPU
		{252E9DB1-ABCD-4047-834C-90CDF04B1311}.Debug|Any CPU.Build.0 = Debug|Any CPU
		{252E9DB1-ABCD-4047-834C-90CDF04B1311}.Release|Any CPU.ActiveCfg = Release|Any CPU
		{252E9DB1-ABCD-4047-834C-90CDF04B1311}.Release|Any CPU.Build.0 = Release|Any CPU
		{D0702B90-ED66-4499-8525-D598595B93DE}.Debug|Any CPU.ActiveCfg = Debug|Any CPU
		{D0702B90-ED66-4499-8525-D598595B93DE}.Debug|Any CPU.Build.0 = Debug|Any CPU
		{D0702B90-ED66-4499-8525-D598595B93DE}.Release|Any CPU.ActiveCfg = Release|Any CPU
		{D0702B90-ED66-4499-8525-D598595B93DE}.Release|Any CPU.Build.0 = Release|Any CPU
	EndGlobalSection
	GlobalSection(SolutionProperties) = preSolution
		HideSolutionNode = FALSE
	EndGlobalSection
	GlobalSection(ExtensibilityGlobals) = postSolution
		SolutionGuid = {09527E9B-44EF-4CCB-885F-2D4C51E50AF3}
	EndGlobalSection
EndGlobal
